PODS:
  - TensorFlowLiteC (0.0.1-nightly.20250225):
    - TensorFlowLiteC/Core (= 0.0.1-nightly.20250225)
  - TensorFlowLiteC/Core (0.0.1-nightly.20250225)
  - TensorFlowLiteSwift (0.0.1-nightly.20250225):
    - TensorFlowLiteSwift/Core (= 0.0.1-nightly.20250225)
  - TensorFlowLiteSwift/Core (0.0.1-nightly.20250225):
    - TensorFlowLiteC (= 0.0.1-nightly.20250225)
    - TensorFlowLiteSwift/Privacy (= 0.0.1-nightly.20250225)
  - TensorFlowLiteSwift/Privacy (0.0.1-nightly.20250225)

DEPENDENCIES:
  - TensorFlowLiteSwift (~> 0.0.1-nightly)

SPEC REPOS:
  trunk:
    - TensorFlowLiteC
    - TensorFlowLiteSwift

SPEC CHECKSUMS:
  TensorFlowLiteC: 3c33c74df1d8106f05b9d0c539259162d3ef0e83
  TensorFlowLiteSwift: 6693feead9d6b65fa4ee13e4d7471109e5d19aa3

PODFILE CHECKSUM: 1b8a04ed06256fd13d3803c1389d13da6277fb47

COCOAPODS: 1.16.2
